
Microsoft Visual Studio Solution File, Format Version 12.00
# Visual Studio 14
VisualStudioVersion = 14.0.25420.1
MinimumVisualStudioVersion = 10.0.40219.1
Project("{8BC9CEB8-8B4A-11D0-8D11-00A0C91BC942}") = "01", "01\01.vcxproj", "{1053006E-6BBD-4C2C-B7FE-9EC0A1D8F2F8}"
EndProject
Project("{8BC9CEB8-8B4A-11D0-8D11-00A0C91BC942}") = "02", "02\02.vcxproj", "{25DB2929-C8BA-48B3-A1F2-94E1EA08743E}"
EndProject
Project("{8BC9CEB8-8B4A-11D0-8D11-00A0C91BC942}") = "03", "03\03.vcxproj", "{4FA66320-D537-448F-AD4B-431879740E23}"
EndProject
Project("{8BC9CEB8-8B4A-11D0-8D11-00A0C91BC942}") = "04", "04\04.vcxproj", "{DC602030-F4F9-4689-A339-BC9E878A39B7}"
EndProject
Project("{8BC9CEB8-8B4A-11D0-8D11-00A0C91BC942}") = "05", "05\05.vcxproj", "{753CA57F-2F67-4D31-B4A3-AA61B08235C2}"
EndProject
Project("{8BC9CEB8-8B4A-11D0-8D11-00A0C91BC942}") = "06", "06\06.vcxproj", "{3F002F76-2356-4021-A627-A86A3A4C43A2}"
EndProject
Global
	GlobalSection(SolutionConfigurationPlatforms) = preSolution
		Debug|x64 = Debug|x64
		Debug|x86 = Debug|x86
		Release|x64 = Release|x64
		Release|x86 = Release|x86
	EndGlobalSection
	GlobalSection(ProjectConfigurationPlatforms) = postSolution
		{1053006E-6BBD-4C2C-B7FE-9EC0A1D8F2F8}.Debug|x64.ActiveCfg = Debug|x64
		{1053006E-6BBD-4C2C-B7FE-9EC0A1D8F2F8}.Debug|x64.Build.0 = Debug|x64
		{1053006E-6BBD-4C2C-B7FE-9EC0A1D8F2F8}.Debug|x86.ActiveCfg = Debug|Win32
		{1053006E-6BBD-4C2C-B7FE-9EC0A1D8F2F8}.Debug|x86.Build.0 = Debug|Win32
		{1053006E-6BBD-4C2C-B7FE-9EC0A1D8F2F8}.Release|x64.ActiveCfg = Release|x64
		{1053006E-6BBD-4C2C-B7FE-9EC0A1D8F2F8}.Release|x64.Build.0 = Release|x64
		{1053006E-6BBD-4C2C-B7FE-9EC0A1D8F2F8}.Release|x86.ActiveCfg = Release|Win32
		{1053006E-6BBD-4C2C-B7FE-9EC0A1D8F2F8}.Release|x86.Build.0 = Release|Win32
		{25DB2929-C8BA-48B3-A1F2-94E1EA08743E}.Debug|x64.ActiveCfg = Debug|x64
		{25DB2929-C8BA-48B3-A1F2-94E1EA08743E}.Debug|x64.Build.0 = Debug|x64
		{25DB2929-C8BA-48B3-A1F2-94E1EA08743E}.Debug|x86.ActiveCfg = Debug|Win32
		{25DB2929-C8BA-48B3-A1F2-94E1EA08743E}.Debug|x86.Build.0 = Debug|Win32
		{25DB2929-C8BA-48B3-A1F2-94E1EA08743E}.Release|x64.ActiveCfg = Release|x64
		{25DB2929-C8BA-48B3-A1F2-94E1EA08743E}.Release|x64.Build.0 = Release|x64
		{25DB2929-C8BA-48B3-A1F2-94E1EA08743E}.Release|x86.ActiveCfg = Release|Win32
		{25DB2929-C8BA-48B3-A1F2-94E1EA08743E}.Release|x86.Build.0 = Release|Win32
		{4FA66320-D537-448F-AD4B-431879740E23}.Debug|x64.ActiveCfg = Debug|x64
		{4FA66320-D537-448F-AD4B-431879740E23}.Debug|x64.Build.0 = Debug|x64
		{4FA66320-D537-448F-AD4B-431879740E23}.Debug|x86.ActiveCfg = Debug|Win32
		{4FA66320-D537-448F-AD4B-431879740E23}.Debug|x86.Build.0 = Debug|Win32
		{4FA66320-D537-448F-AD4B-431879740E23}.Release|x64.ActiveCfg = Release|x64
		{4FA66320-D537-448F-AD4B-431879740E23}.Release|x64.Build.0 = Release|x64
		{4FA66320-D537-448F-AD4B-431879740E23}.Release|x86.ActiveCfg = Release|Win32
		{4FA66320-D537-448F-AD4B-431879740E23}.Release|x86.Build.0 = Release|Win32
		{DC602030-F4F9-4689-A339-BC9E878A39B7}.Debug|x64.ActiveCfg = Debug|x64
		{DC602030-F4F9-4689-A339-BC9E878A39B7}.Debug|x64.Build.0 = Debug|x64
		{DC602030-F4F9-4689-A339-BC9E878A39B7}.Debug|x86.ActiveCfg = Debug|Win32
		{DC602030-F4F9-4689-A339-BC9E878A39B7}.Debug|x86.Build.0 = Debug|Win32
		{DC602030-F4F9-4689-A339-BC9E878A39B7}.Release|x64.ActiveCfg = Release|x64
		{DC602030-F4F9-4689-A339-BC9E878A39B7}.Release|x64.Build.0 = Release|x64
		{DC602030-F4F9-4689-A339-BC9E878A39B7}.Release|x86.ActiveCfg = Release|Win32
		{DC602030-F4F9-4689-A339-BC9E878A39B7}.Release|x86.Build.0 = Release|Win32
		{753CA57F-2F67-4D31-B4A3-AA61B08235C2}.Debug|x64.ActiveCfg = Debug|x64
		{753CA57F-2F67-4D31-B4A3-AA61B08235C2}.Debug|x64.Build.0 = Debug|x64
		{753CA57F-2F67-4D31-B4A3-AA61B08235C2}.Debug|x86.ActiveCfg = Debug|Win32
		{753CA57F-2F67-4D31-B4A3-AA61B08235C2}.Debug|x86.Build.0 = Debug|Win32
		{753CA57F-2F67-4D31-B4A3-AA61B08235C2}.Release|x64.ActiveCfg = Release|x64
		{753CA57F-2F67-4D31-B4A3-AA61B08235C2}.Release|x64.Build.0 = Release|x64
		{753CA57F-2F67-4D31-B4A3-AA61B08235C2}.Release|x86.ActiveCfg = Release|Win32
		{753CA57F-2F67-4D31-B4A3-AA61B08235C2}.Release|x86.Build.0 = Release|Win32
		{3F002F76-2356-4021-A627-A86A3A4C43A2}.Debug|x64.ActiveCfg = Debug|x64
		{3F002F76-2356-4021-A627-A86A3A4C43A2}.Debug|x64.Build.0 = Debug|x64
		{3F002F76-2356-4021-A627-A86A3A4C43A2}.Debug|x86.ActiveCfg = Debug|Win32
		{3F002F76-2356-4021-A627-A86A3A4C43A2}.Debug|x86.Build.0 = Debug|Win32
		{3F002F76-2356-4021-A627-A86A3A4C43A2}.Release|x64.ActiveCfg = Release|x64
		{3F002F76-2356-4021-A627-A86A3A4C43A2}.Release|x64.Build.0 = Release|x64
		{3F002F76-2356-4021-A627-A86A3A4C43A2}.Release|x86.ActiveCfg = Release|Win32
		{3F002F76-2356-4021-A627-A86A3A4C43A2}.Release|x86.Build.0 = Release|Win32
	EndGlobalSection
	GlobalSection(SolutionProperties) = preSolution
		HideSolutionNode = FALSE
	EndGlobalSection
EndGlobal
